// !$*UTF8*$!
{
	archiveVersion = 1;
	classes = {
	};
	objectVersion = 50;
	objects = {

/* Begin PBXBuildFile section */
		B63E511926AF9C4500FB38FF /* AppDelegate.swift in Sources */ = {isa = PBXBuildFile; fileRef = B63E511826AF9C4500FB38FF /* AppDelegate.swift */; };
		B63E511D26AF9C4500FB38FF /* ViewController.swift in Sources */ = {isa = PBXBuildFile; fileRef = B63E511C26AF9C4500FB38FF /* ViewController.swift */; };
		B63E512026AF9C4500FB38FF /* Main.storyboard in Resources */ = {isa = PBXBuildFile; fileRef = B63E511E26AF9C4500FB38FF /* Main.storyboard */; };
		B63E512326AF9C4500FB38FF /* CloneInstagram.xcdatamodeld in Sources */ = {isa = PBXBuildFile; fileRef = B63E512126AF9C4500FB38FF /* CloneInstagram.xcdatamodeld */; };
		B63E512526AF9C4500FB38FF /* Assets.xcassets in Resources */ = {isa = PBXBuildFile; fileRef = B63E512426AF9C4500FB38FF /* Assets.xcassets */; };
		B63E512826AF9C4500FB38FF /* LaunchScreen.storyboard in Resources */ = {isa = PBXBuildFile; fileRef = B63E512626AF9C4500FB38FF /* LaunchScreen.storyboard */; };
		B63E513326AF9C4500FB38FF /* CloneInstagramTests.swift in Sources */ = {isa = PBXBuildFile; fileRef = B63E513226AF9C4500FB38FF /* CloneInstagramTests.swift */; };
		B63E513E26AF9C4600FB38FF /* CloneInstagramUITests.swift in Sources */ = {isa = PBXBuildFile; fileRef = B63E513D26AF9C4600FB38FF /* CloneInstagramUITests.swift */; };
/* End PBXBuildFile section */

/* Begin PBXContainerItemProxy section */
		B63E512F26AF9C4500FB38FF /* PBXContainerItemProxy */ = {
			isa = PBXContainerItemProxy;
			containerPortal = B63E510D26AF9C4400FB38FF /* Project object */;
			proxyType = 1;
			remoteGlobalIDString = B63E511426AF9C4500FB38FF;
			remoteInfo = CloneInstagram;
		};
		B63E513A26AF9C4600FB38FF /* PBXContainerItemProxy */ = {
			isa = PBXContainerItemProxy;
			containerPortal = B63E510D26AF9C4400FB38FF /* Project object */;
			proxyType = 1;
			remoteGlobalIDString = B63E511426AF9C4500FB38FF;
			remoteInfo = CloneInstagram;
		};
/* End PBXContainerItemProxy section */

/* Begin PBXFileReference section */
		B63E511526AF9C4500FB38FF /* CloneInstagram.app */ = {isa = PBXFileReference; explicitFileType = wrapper.application; includeInIndex = 0; path = CloneInstagram.app; sourceTree = BUILT_PRODUCTS_DIR; };
		B63E511826AF9C4500FB38FF /* AppDelegate.swift */ = {isa = PBXFileReference; lastKnownFileType = sourcecode.swift; path = AppDelegate.swift; sourceTree = "<group>"; };
		B63E511C26AF9C4500FB38FF /* ViewController.swift */ = {isa = PBXFileReference; lastKnownFileType = sourcecode.swift; path = ViewController.swift; sourceTree = "<group>"; };
		B63E511F26AF9C4500FB38FF /* Base */ = {isa = PBXFileReference; lastKnownFileType = file.storyboard; name = Base; path = Base.lproj/Main.storyboard; sourceTree = "<group>"; };
		B63E512226AF9C4500FB38FF /* CloneInstagram.xcdatamodel */ = {isa = PBXFileReference; lastKnownFileType = wrapper.xcdatamodel; path = CloneInstagram.xcdatamodel; sourceTree = "<group>"; };
		B63E512426AF9C4500FB38FF /* Assets.xcassets */ = {isa = PBXFileReference; lastKnownFileType = folder.assetcatalog; path = Assets.xcassets; sourceTree = "<group>"; };
		B63E512726AF9C4500FB38FF /* Base */ = {isa = PBXFileReference; lastKnownFileType = file.storyboard; name = Base; path = Base.lproj/LaunchScreen.storyboard; sourceTree = "<group>"; };
		B63E512926AF9C4500FB38FF /* Info.plist */ = {isa = PBXFileReference; lastKnownFileType = text.plist.xml; path = Info.plist; sourceTree = "<group>"; };
		B63E512E26AF9C4500FB38FF /* CloneInstagramTests.xctest */ = {isa = PBXFileReference; explicitFileType = wrapper.cfbundle; includeInIndex = 0; path = CloneInstagramTests.xctest; sourceTree = BUILT_PRODUCTS_DIR; };
		B63E513226AF9C4500FB38FF /* CloneInstagramTests.swift */ = {isa = PBXFileReference; lastKnownFileType = sourcecode.swift; path = CloneInstagramTests.swift; sourceTree = "<group>"; };
		B63E513426AF9C4600FB38FF /* Info.plist */ = {isa = PBXFileReference; lastKnownFileType = text.plist.xml; path = Info.plist; sourceTree = "<group>"; };
		B63E513926AF9C4600FB38FF /* CloneInstagramUITests.xctest */ = {isa = PBXFileReference; explicitFileType = wrapper.cfbundle; includeInIndex = 0; path = CloneInstagramUITests.xctest; sourceTree = BUILT_PRODUCTS_DIR; };
		B63E513D26AF9C4600FB38FF /* CloneInstagramUITests.swift */ = {isa = PBXFileReference; lastKnownFileType = sourcecode.swift; path = CloneInstagramUITests.swift; sourceTree = "<group>"; };
		B63E513F26AF9C4600FB38FF /* Info.plist */ = {isa = PBXFileReference; lastKnownFileType = text.plist.xml; path = Info.plist; sourceTree = "<group>"; };
/* End PBXFileReference section */

/* Begin PBXFrameworksBuildPhase section */
		B63E511226AF9C4500FB38FF /* Frameworks */ = {
			isa = PBXFrameworksBuildPhase;
			buildActionMask = 2147483647;
			files = (
			);
			runOnlyForDeploymentPostprocessing = 0;
		};
		B63E512B26AF9C4500FB38FF /* Frameworks */ = {
			isa = PBXFrameworksBuildPhase;
			buildActionMask = 2147483647;
			files = (
			);
			runOnlyForDeploymentPostprocessing = 0;
		};
		B63E513626AF9C4600FB38FF /* Frameworks */ = {
			isa = PBXFrameworksBuildPhase;
			buildActionMask = 2147483647;
			files = (
			);
			runOnlyForDeploymentPostprocessing = 0;
		};
/* End PBXFrameworksBuildPhase section */

/* Begin PBXGroup section */
		B63E510C26AF9C4400FB38FF = {
			isa = PBXGroup;
			children = (
				B63E511726AF9C4500FB38FF /* CloneInstagram */,
				B63E513126AF9C4500FB38FF /* CloneInstagramTests */,
				B63E513C26AF9C4600FB38FF /* CloneInstagramUITests */,
				B63E511626AF9C4500FB38FF /* Products */,
			);
			sourceTree = "<group>";
		};
		B63E511626AF9C4500FB38FF /* Products */ = {
			isa = PBXGroup;
			children = (
				B63E511526AF9C4500FB38FF /* CloneInstagram.app */,
				B63E512E26AF9C4500FB38FF /* CloneInstagramTests.xctest */,
				B63E513926AF9C4600FB38FF /* CloneInstagramUITests.xctest */,
			);
			name = Products;
			sourceTree = "<group>";
		};
		B63E511726AF9C4500FB38FF /* CloneInstagram */ = {
			isa = PBXGroup;
			children = (
				B63E511826AF9C4500FB38FF /* AppDelegate.swift */,
				B63E511C26AF9C4500FB38FF /* ViewController.swift */,
				B63E511E26AF9C4500FB38FF /* Main.storyboard */,
				B63E512426AF9C4500FB38FF /* Assets.xcassets */,
				B63E512626AF9C4500FB38FF /* LaunchScreen.storyboard */,
				B63E512926AF9C4500FB38FF /* Info.plist */,
				B63E512126AF9C4500FB38FF /* CloneInstagram.xcdatamodeld */,
			);
			path = CloneInstagram;
			sourceTree = "<group>";
		};
		B63E513126AF9C4500FB38FF /* CloneInstagramTests */ = {
			isa = PBXGroup;
			children = (
				B63E513226AF9C4500FB38FF /* CloneInstagramTests.swift */,
				B63E513426AF9C4600FB38FF /* Info.plist */,
			);
			path = CloneInstagramTests;
			sourceTree = "<group>";
		};
		B63E513C26AF9C4600FB38FF /* CloneInstagramUITests */ = {
			isa = PBXGroup;
			children = (
				B63E513D26AF9C4600FB38FF /* CloneInstagramUITests.swift */,
				B63E513F26AF9C4600FB38FF /* Info.plist */,
			);
			path = CloneInstagramUITests;
			sourceTree = "<group>";
		};
/* End PBXGroup section */

/* Begin PBXNativeTarget section */
		B63E511426AF9C4500FB38FF /* CloneInstagram */ = {
			isa = PBXNativeTarget;
			buildConfigurationList = B63E514226AF9C4600FB38FF /* Build configuration list for PBXNativeTarget "CloneInstagram" */;
			buildPhases = (
				B63E511126AF9C4500FB38FF /* Sources */,
				B63E511226AF9C4500FB38FF /* Frameworks */,
				B63E511326AF9C4500FB38FF /* Resources */,
			);
			buildRules = (
			);
			dependencies = (
			);
			name = CloneInstagram;
			productName = CloneInstagram;
			productReference = B63E511526AF9C4500FB38FF /* CloneInstagram.app */;
			productType = "com.apple.product-type.application";
		};
		B63E512D26AF9C4500FB38FF /* CloneInstagramTests */ = {
			isa = PBXNativeTarget;
			buildConfigurationList = B63E514526AF9C4600FB38FF /* Build configuration list for PBXNativeTarget "CloneInstagramTests" */;
			buildPhases = (
				B63E512A26AF9C4500FB38FF /* Sources */,
				B63E512B26AF9C4500FB38FF /* Frameworks */,
				B63E512C26AF9C4500FB38FF /* Resources */,
			);
			buildRules = (
			);
			dependencies = (
				B63E513026AF9C4500FB38FF /* PBXTargetDependency */,
			);
			name = CloneInstagramTests;
			productName = CloneInstagramTests;
			productReference = B63E512E26AF9C4500FB38FF /* CloneInstagramTests.xctest */;
			productType = "com.apple.product-type.bundle.unit-test";
		};
		B63E513826AF9C4600FB38FF /* CloneInstagramUITests */ = {
			isa = PBXNativeTarget;
			buildConfigurationList = B63E514826AF9C4600FB38FF /* Build configuration list for PBXNativeTarget "CloneInstagramUITests" */;
			buildPhases = (
				B63E513526AF9C4600FB38FF /* Sources */,
				B63E513626AF9C4600FB38FF /* Frameworks */,
				B63E513726AF9C4600FB38FF /* Resources */,
			);
			buildRules = (
			);
			dependencies = (
				B63E513B26AF9C4600FB38FF /* PBXTargetDependency */,
			);
			name = CloneInstagramUITests;
			productName = CloneInstagramUITests;
			productReference = B63E513926AF9C4600FB38FF /* CloneInstagramUITests.xctest */;
			productType = "com.apple.product-type.bundle.ui-testing";
		};
/* End PBXNativeTarget section */

/* Begin PBXProject section */
		B63E510D26AF9C4400FB38FF /* Project object */ = {
			isa = PBXProject;
			attributes = {
				LastSwiftUpdateCheck = 1250;
				LastUpgradeCheck = 1250;
				TargetAttributes = {
					B63E511426AF9C4500FB38FF = {
						CreatedOnToolsVersion = 12.5.1;
					};
					B63E512D26AF9C4500FB38FF = {
						CreatedOnToolsVersion = 12.5.1;
						TestTargetID = B63E511426AF9C4500FB38FF;
					};
					B63E513826AF9C4600FB38FF = {
						CreatedOnToolsVersion = 12.5.1;
						TestTargetID = B63E511426AF9C4500FB38FF;
					};
				};
			};
			buildConfigurationList = B63E511026AF9C4400FB38FF /* Build configuration list for PBXProject "CloneInstagram" */;
			compatibilityVersion = "Xcode 9.3";
			developmentRegion = en;
			hasScannedForEncodings = 0;
			knownRegions = (
				en,
				Base,
			);
			mainGroup = B63E510C26AF9C4400FB38FF;
			productRefGroup = B63E511626AF9C4500FB38FF /* Products */;
			projectDirPath = "";
			projectRoot = "";
			targets = (
				B63E511426AF9C4500FB38FF /* CloneInstagram */,
				B63E512D26AF9C4500FB38FF /* CloneInstagramTests */,
				B63E513826AF9C4600FB38FF /* CloneInstagramUITests */,
			);
		};
/* End PBXProject section */

/* Begin PBXResourcesBuildPhase section */
		B63E511326AF9C4500FB38FF /* Resources */ = {
			isa = PBXResourcesBuildPhase;
			buildActionMask = 2147483647;
			files = (
				B63E512826AF9C4500FB38FF /* LaunchScreen.storyboard in Resources */,
				B63E512526AF9C4500FB38FF /* Assets.xcassets in Resources */,
				B63E512026AF9C4500FB38FF /* Main.storyboard in Resources */,
			);
			runOnlyForDeploymentPostprocessing = 0;
		};
		B63E512C26AF9C4500FB38FF /* Resources */ = {
			isa = PBXResourcesBuildPhase;
			buildActionMask = 2147483647;
			files = (
			);
			runOnlyForDeploymentPostprocessing = 0;
		};
		B63E513726AF9C4600FB38FF /* Resources */ = {
			isa = PBXResourcesBuildPhase;
			buildActionMask = 2147483647;
			files = (
			);
			runOnlyForDeploymentPostprocessing = 0;
		};
/* End PBXResourcesBuildPhase section */

/* Begin PBXSourcesBuildPhase section */
		B63E511126AF9C4500FB38FF /* Sources */ = {
			isa = PBXSourcesBuildPhase;
			buildActionMask = 2147483647;
			files = (
				B63E511D26AF9C4500FB38FF /* ViewController.swift in Sources */,
				B63E511926AF9C4500FB38FF /* AppDelegate.swift in Sources */,
				B63E512326AF9C4500FB38FF /* CloneInstagram.xcdatamodeld in Sources */,
			);
			runOnlyForDeploymentPostprocessing = 0;
		};
		B63E512A26AF9C4500FB38FF /* Sources */ = {
			isa = PBXSourcesBuildPhase;
			buildActionMask = 2147483647;
			files = (
				B63E513326AF9C4500FB38FF /* CloneInstagramTests.swift in Sources */,
			);
			runOnlyForDeploymentPostprocessing = 0;
		};
		B63E513526AF9C4600FB38FF /* Sources */ = {
			isa = PBXSourcesBuildPhase;
			buildActionMask = 2147483647;
			files = (
				B63E513E26AF9C4600FB38FF /* CloneInstagramUITests.swift in Sources */,
			);
			runOnlyForDeploymentPostprocessing = 0;
		};
/* End PBXSourcesBuildPhase section */

/* Begin PBXTargetDependency section */
		B63E513026AF9C4500FB38FF /* PBXTargetDependency */ = {
			isa = PBXTargetDependency;
			target = B63E511426AF9C4500FB38FF /* CloneInstagram */;
			targetProxy = B63E512F26AF9C4500FB38FF /* PBXContainerItemProxy */;
		};
		B63E513B26AF9C4600FB38FF /* PBXTargetDependency */ = {
			isa = PBXTargetDependency;
			target = B63E511426AF9C4500FB38FF /* CloneInstagram */;
			targetProxy = B63E513A26AF9C4600FB38FF /* PBXContainerItemProxy */;
		};
/* End PBXTargetDependency section */

/* Begin PBXVariantGroup section */
		B63E511E26AF9C4500FB38FF /* Main.storyboard */ = {
			isa = PBXVariantGroup;
			children = (
				B63E511F26AF9C4500FB38FF /* Base */,
			);
			name = Main.storyboard;
			sourceTree = "<group>";
		};
		B63E512626AF9C4500FB38FF /* LaunchScreen.storyboard */ = {
			isa = PBXVariantGroup;
			children = (
				B63E512726AF9C4500FB38FF /* Base */,
			);
			name = LaunchScreen.storyboard;
			sourceTree = "<group>";
		};
/* End PBXVariantGroup section */

/* Begin XCBuildConfiguration section */
		B63E514026AF9C4600FB38FF /* Debug */ = {
			isa = XCBuildConfiguration;
			buildSettings = {
				ALWAYS_SEARCH_USER_PATHS = NO;
				CLANG_ANALYZER_NONNULL = YES;
				CLANG_ANALYZER_NUMBER_OBJECT_CONVERSION = YES_AGGRESSIVE;
				CLANG_CXX_LANGUAGE_STANDARD = "gnu++14";
				CLANG_CXX_LIBRARY = "libc++";
				CLANG_ENABLE_MODULES = YES;
				CLANG_ENABLE_OBJC_ARC = YES;
				CLANG_ENABLE_OBJC_WEAK = YES;
				CLANG_WARN_BLOCK_CAPTURE_AUTORELEASING = YES;
				CLANG_WARN_BOOL_CONVERSION = YES;
				CLANG_WARN_COMMA = YES;
				CLANG_WARN_CONSTANT_CONVERSION = YES;
				CLANG_WARN_DEPRECATED_OBJC_IMPLEMENTATIONS = YES;
				CLANG_WARN_DIRECT_OBJC_ISA_USAGE = YES_ERROR;
				CLANG_WARN_DOCUMENTATION_COMMENTS = YES;
				CLANG_WARN_EMPTY_BODY = YES;
				CLANG_WARN_ENUM_CONVERSION = YES;
				CLANG_WARN_INFINITE_RECURSION = YES;
				CLANG_WARN_INT_CONVERSION = YES;
				CLANG_WARN_NON_LITERAL_NULL_CONVERSION = YES;
				CLANG_WARN_OBJC_IMPLICIT_RETAIN_SELF = YES;
				CLANG_WARN_OBJC_LITERAL_CONVERSION = YES;
				CLANG_WARN_OBJC_ROOT_CLASS = YES_ERROR;
				CLANG_WARN_QUOTED_INCLUDE_IN_FRAMEWORK_HEADER = YES;
				CLANG_WARN_RANGE_LOOP_ANALYSIS = YES;
				CLANG_WARN_STRICT_PROTOTYPES = YES;
				CLANG_WARN_SUSPICIOUS_MOVE = YES;
				CLANG_WARN_UNGUARDED_AVAILABILITY = YES_AGGRESSIVE;
				CLANG_WARN_UNREACHABLE_CODE = YES;
				CLANG_WARN__DUPLICATE_METHOD_MATCH = YES;
				COPY_PHASE_STRIP = NO;
				DEBUG_INFORMATION_FORMAT = dwarf;
				ENABLE_STRICT_OBJC_MSGSEND = YES;
				ENABLE_TESTABILITY = YES;
				GCC_C_LANGUAGE_STANDARD = gnu11;
				GCC_DYNAMIC_NO_PIC = NO;
				GCC_NO_COMMON_BLOCKS = YES;
				GCC_OPTIMIZATION_LEVEL = 0;
				GCC_PREPROCESSOR_DEFINITIONS = (
					"DEBUG=1",
					"$(inherited)",
				);
				GCC_WARN_64_TO_32_BIT_CONVERSION = YES;
				GCC_WARN_ABOUT_RETURN_TYPE = YES_ERROR;
				GCC_WARN_UNDECLARED_SELECTOR = YES;
				GCC_WARN_UNINITIALIZED_AUTOS = YES_AGGRESSIVE;
				GCC_WARN_UNUSED_FUNCTION = YES;
				GCC_WARN_UNUSED_VARIABLE = YES;
				IPHONEOS_DEPLOYMENT_TARGET = 14.5;
				MTL_ENABLE_DEBUG_INFO = INCLUDE_SOURCE;
				MTL_FAST_MATH = YES;
				ONLY_ACTIVE_ARCH = YES;
				SDKROOT = iphoneos;
				SWIFT_ACTIVE_COMPILATION_CONDITIONS = DEBUG;
				SWIFT_OPTIMIZATION_LEVEL = "-Onone";
			};
			name = Debug;
		};
		B63E514126AF9C4600FB38FF /* Release */ = {
			isa = XCBuildConfiguration;
			buildSettings = {
				ALWAYS_SEARCH_USER_PATHS = NO;
				CLANG_ANALYZER_NONNULL = YES;
				CLANG_ANALYZER_NUMBER_OBJECT_CONVERSION = YES_AGGRESSIVE;
				CLANG_CXX_LANGUAGE_STANDARD = "gnu++14";
				CLANG_CXX_LIBRARY = "libc++";
				CLANG_ENABLE_MODULES = YES;
				CLANG_ENABLE_OBJC_ARC = YES;
				CLANG_ENABLE_OBJC_WEAK = YES;
				CLANG_WARN_BLOCK_CAPTURE_AUTORELEASING = YES;
				CLANG_WARN_BOOL_CONVERSION = YES;
				CLANG_WARN_COMMA = YES;
				CLANG_WARN_CONSTANT_CONVERSION = YES;
				CLANG_WARN_DEPRECATED_OBJC_IMPLEMENTATIONS = YES;
				CLANG_WARN_DIRECT_OBJC_ISA_USAGE = YES_ERROR;
				CLANG_WARN_DOCUMENTATION_COMMENTS = YES;
				CLANG_WARN_EMPTY_BODY = YES;
				CLANG_WARN_ENUM_CONVERSION = YES;
				CLANG_WARN_INFINITE_RECURSION = YES;
				CLANG_WARN_INT_CONVERSION = YES;
				CLANG_WARN_NON_LITERAL_NULL_CONVERSION = YES;
				CLANG_WARN_OBJC_IMPLICIT_RETAIN_SELF = YES;
				CLANG_WARN_OBJC_LITERAL_CONVERSION = YES;
				CLANG_WARN_OBJC_ROOT_CLASS = YES_ERROR;
				CLANG_WARN_QUOTED_INCLUDE_IN_FRAMEWORK_HEADER = YES;
				CLANG_WARN_RANGE_LOOP_ANALYSIS = YES;
				CLANG_WARN_STRICT_PROTOTYPES = YES;
				CLANG_WARN_SUSPICIOUS_MOVE = YES;
				CLANG_WARN_UNGUARDED_AVAILABILITY = YES_AGGRESSIVE;
				CLANG_WARN_UNREACHABLE_CODE = YES;
				CLANG_WARN__DUPLICATE_METHOD_MATCH = YES;
				COPY_PHASE_STRIP = NO;
				DEBUG_INFORMATION_FORMAT = "dwarf-with-dsym";
				ENABLE_NS_ASSERTIONS = NO;
				ENABLE_STRICT_OBJC_MSGSEND = YES;
				GCC_C_LANGUAGE_STANDARD = gnu11;
				GCC_NO_COMMON_BLOCKS = YES;
				GCC_WARN_64_TO_32_BIT_CONVERSION = YES;
				GCC_WARN_ABOUT_RETURN_TYPE = YES_ERROR;
				GCC_WARN_UNDECLARED_SELECTOR = YES;
				GCC_WARN_UNINITIALIZED_AUTOS = YES_AGGRESSIVE;
				GCC_WARN_UNUSED_FUNCTION = YES;
				GCC_WARN_UNUSED_VARIABLE = YES;
				IPHONEOS_DEPLOYMENT_TARGET = 14.5;
				MTL_ENABLE_DEBUG_INFO = NO;
				MTL_FAST_MATH = YES;
				SDKROOT = iphoneos;
				SWIFT_COMPILATION_MODE = wholemodule;
				SWIFT_OPTIMIZATION_LEVEL = "-O";
				VALIDATE_PRODUCT = YES;
			};
			name = Release;
		};
		B63E514326AF9C4600FB38FF /* Debug */ = {
			isa = XCBuildConfiguration;
			buildSettings = {
				ASSETCATALOG_COMPILER_APPICON_NAME = AppIcon;
				ASSETCATALOG_COMPILER_GLOBAL_ACCENT_COLOR_NAME = AccentColor;
				CODE_SIGN_STYLE = Automatic;
				INFOPLIST_FILE = CloneInstagram/Info.plist;
				LD_RUNPATH_SEARCH_PATHS = (
					"$(inherited)",
					"@executable_path/Frameworks",
				);
				PRODUCT_BUNDLE_IDENTIFIER = andrew.CloneInstagram;
				PRODUCT_NAME = "$(TARGET_NAME)";
				SWIFT_VERSION = 5.0;
				TARGETED_DEVICE_FAMILY = "1,2";
			};
			name = Debug;
		};
		B63E514426AF9C4600FB38FF /* Release */ = {
			isa = XCBuildConfiguration;
			buildSettings = {
				ASSETCATALOG_COMPILER_APPICON_NAME = AppIcon;
				ASSETCATALOG_COMPILER_GLOBAL_ACCENT_COLOR_NAME = AccentColor;
				CODE_SIGN_STYLE = Automatic;
				INFOPLIST_FILE = CloneInstagram/Info.plist;
				LD_RUNPATH_SEARCH_PATHS = (
					"$(inherited)",
					"@executable_path/Frameworks",
				);
				PRODUCT_BUNDLE_IDENTIFIER = andrew.CloneInstagram;
				PRODUCT_NAME = "$(TARGET_NAME)";
				SWIFT_VERSION = 5.0;
				TARGETED_DEVICE_FAMILY = "1,2";
			};
			name = Release;
		};
		B63E514626AF9C4600FB38FF /* Debug */ = {
			isa = XCBuildConfiguration;
			buildSettings = {
				ALWAYS_EMBED_SWIFT_STANDARD_LIBRARIES = YES;
				BUNDLE_LOADER = "$(TEST_HOST)";
				CODE_SIGN_STYLE = Automatic;
				INFOPLIST_FILE = CloneInstagramTests/Info.plist;
				IPHONEOS_DEPLOYMENT_TARGET = 14.5;
				LD_RUNPATH_SEARCH_PATHS = (
					"$(inherited)",
					"@executable_path/Frameworks",
					"@loader_path/Frameworks",
				);
				PRODUCT_BUNDLE_IDENTIFIER = andrew.CloneInstagramTests;
				PRODUCT_NAME = "$(TARGET_NAME)";
				SWIFT_VERSION = 5.0;
				TARGETED_DEVICE_FAMILY = "1,2";
				TEST_HOST = "$(BUILT_PRODUCTS_DIR)/CloneInstagram.app/CloneInstagram";
			};
			name = Debug;
		};
		B63E514726AF9C4600FB38FF /* Release */ = {
			isa = XCBuildConfiguration;
			buildSettings = {
				ALWAYS_EMBED_SWIFT_STANDARD_LIBRARIES = YES;
				BUNDLE_LOADER = "$(TEST_HOST)";
				CODE_SIGN_STYLE = Automatic;
				INFOPLIST_FILE = CloneInstagramTests/Info.plist;
				IPHONEOS_DEPLOYMENT_TARGET = 14.5;
				LD_RUNPATH_SEARCH_PATHS = (
					"$(inherited)",
					"@executable_path/Frameworks",
					"@loader_path/Frameworks",
				);
				PRODUCT_BUNDLE_IDENTIFIER = andrew.CloneInstagramTests;
				PRODUCT_NAME = "$(TARGET_NAME)";
				SWIFT_VERSION = 5.0;
				TARGETED_DEVICE_FAMILY = "1,2";
				TEST_HOST = "$(BUILT_PRODUCTS_DIR)/CloneInstagram.app/CloneInstagram";
			};
			name = Release;
		};
		B63E514926AF9C4600FB38FF /* Debug */ = {
			isa = XCBuildConfiguration;
			buildSettings = {
				ALWAYS_EMBED_SWIFT_STANDARD_LIBRARIES = YES;
				CODE_SIGN_STYLE = Automatic;
				INFOPLIST_FILE = CloneInstagramUITests/Info.plist;
				LD_RUNPATH_SEARCH_PATHS = (
					"$(inherited)",
					"@executable_path/Frameworks",
					"@loader_path/Frameworks",
				);
				PRODUCT_BUNDLE_IDENTIFIER = andrew.CloneInstagramUITests;
				PRODUCT_NAME = "$(TARGET_NAME)";
				SWIFT_VERSION = 5.0;
				TARGETED_DEVICE_FAMILY = "1,2";
				TEST_TARGET_NAME = CloneInstagram;
			};
			name = Debug;
		};
		B63E514A26AF9C4600FB38FF /* Release */ = {
			isa = XCBuildConfiguration;
			buildSettings = {
				ALWAYS_EMBED_SWIFT_STANDARD_LIBRARIES = YES;
				CODE_SIGN_STYLE = Automatic;
				INFOPLIST_FILE = CloneInstagramUITests/Info.plist;
				LD_RUNPATH_SEARCH_PATHS = (
					"$(inherited)",
					"@executable_path/Frameworks",
					"@loader_path/Frameworks",
				);
				PRODUCT_BUNDLE_IDENTIFIER = andrew.CloneInstagramUITests;
				PRODUCT_NAME = "$(TARGET_NAME)";
				SWIFT_VERSION = 5.0;
				TARGETED_DEVICE_FAMILY = "1,2";
				TEST_TARGET_NAME = CloneInstagram;
			};
			name = Release;
		};
/* End XCBuildConfiguration section */

/* Begin XCConfigurationList section */
		B63E511026AF9C4400FB38FF /* Build configuration list for PBXProject "CloneInstagram" */ = {
			isa = XCConfigurationList;
			buildConfigurations = (
				B63E514026AF9C4600FB38FF /* Debug */,
				B63E514126AF9C4600FB38FF /* Release */,
			);
			defaultConfigurationIsVisible = 0;
			defaultConfigurationName = Release;
		};
		B63E514226AF9C4600FB38FF /* Build configuration list for PBXNativeTarget "CloneInstagram" */ = {
			isa = XCConfigurationList;
			buildConfigurations = (
				B63E514326AF9C4600FB38FF /* Debug */,
				B63E514426AF9C4600FB38FF /* Release */,
			);
			defaultConfigurationIsVisible = 0;
			defaultConfigurationName = Release;
		};
		B63E514526AF9C4600FB38FF /* Build configuration list for PBXNativeTarget "CloneInstagramTests" */ = {
			isa = XCConfigurationList;
			buildConfigurations = (
				B63E514626AF9C4600FB38FF /* Debug */,
				B63E514726AF9C4600FB38FF /* Release */,
			);
			defaultConfigurationIsVisible = 0;
			defaultConfigurationName = Release;
		};
		B63E514826AF9C4600FB38FF /* Build configuration list for PBXNativeTarget "CloneInstagramUITests" */ = {
			isa = XCConfigurationList;
			buildConfigurations = (
				B63E514926AF9C4600FB38FF /* Debug */,
				B63E514A26AF9C4600FB38FF /* Release */,
			);
			defaultConfigurationIsVisible = 0;
			defaultConfigurationName = Release;
		};
/* End XCConfigurationList section */

/* Begin XCVersionGroup section */
		B63E512126AF9C4500FB38FF /* CloneInstagram.xcdatamodeld */ = {
			isa = XCVersionGroup;
			children = (
				B63E512226AF9C4500FB38FF /* CloneInstagram.xcdatamodel */,
			);
			currentVersion = B63E512226AF9C4500FB38FF /* CloneInstagram.xcdatamodel */;
			path = CloneInstagram.xcdatamodeld;
			sourceTree = "<group>";
			versionGroupType = wrapper.xcdatamodel;
		};
/* End XCVersionGroup section */
	};
	rootObject = B63E510D26AF9C4400FB38FF /* Project object */;
}
